
Microsoft Visual Studio Solution File, Format Version 12.00
Project("{FAE04EC0-301F-11D3-BF4B-00C04F79EFBC}") = "UniqueTroopsGoneWild", "UniqueTroopsGoneWild.csproj", "{3CB4725B-B537-467A-B172-B74F3E52E5BE}"
EndProject
Project("{FAE04EC0-301F-11D3-BF4B-00C04F79EFBC}") = "UniqueTroopsGoneWildUnitTests", "UniqueTroopsGoneWildUnitTests\UniqueTroopsGoneWildUnitTests.csproj", "{2571EA55-AC31-4427-B67F-0C61D4D086FD}"
EndProject
Global
	GlobalSection(SolutionConfigurationPlatforms) = preSolution
		Debug|x64 = Debug|x64
		Release|x64 = Release|x64
	EndGlobalSection
	GlobalSection(ProjectConfigurationPlatforms) = postSolution
		{3CB4725B-B537-467A-B172-B74F3E52E5BE}.Debug|x64.ActiveCfg = Debug|x64
		{3CB4725B-B537-467A-B172-B74F3E52E5BE}.Debug|x64.Build.0 = Debug|x64
		{3CB4725B-B537-467A-B172-B74F3E52E5BE}.Release|x64.ActiveCfg = Release|x64
		{3CB4725B-B537-467A-B172-B74F3E52E5BE}.Release|x64.Build.0 = Release|x64
		{2571EA55-AC31-4427-B67F-0C61D4D086FD}.Debug|x64.ActiveCfg = Debug|Any CPU
		{2571EA55-AC31-4427-B67F-0C61D4D086FD}.Debug|x64.Build.0 = Debug|Any CPU
		{2571EA55-AC31-4427-B67F-0C61D4D086FD}.Release|x64.ActiveCfg = Release|Any CPU
		{2571EA55-AC31-4427-B67F-0C61D4D086FD}.Release|x64.Build.0 = Release|Any CPU
	EndGlobalSection
EndGlobal
